// !$*UTF8*$!
{
	archiveVersion = 1;
	classes = {
	};
	objectVersion = 56;
	objects = {

/* Begin PBXBuildFile section */
		294C91662A0CCFC800103018 /* AppDelegate.m in Sources */ = {isa = PBXBuildFile; fileRef = 294C91652A0CCFC800103018 /* AppDelegate.m */; };
		294C91692A0CCFC800103018 /* SceneDelegate.m in Sources */ = {isa = PBXBuildFile; fileRef = 294C91682A0CCFC800103018 /* SceneDelegate.m */; };
		294C916C2A0CCFC800103018 /* ViewController.m in Sources */ = {isa = PBXBuildFile; fileRef = 294C916B2A0CCFC800103018 /* ViewController.m */; };
		294C916F2A0CCFC800103018 /* Main.storyboard in Resources */ = {isa = PBXBuildFile; fileRef = 294C916D2A0CCFC800103018 /* Main.storyboard */; };
		294C91712A0CCFCF00103018 /* Assets.xcassets in Resources */ = {isa = PBXBuildFile; fileRef = 294C91702A0CCFCF00103018 /* Assets.xcassets */; };
		294C91742A0CCFCF00103018 /* LaunchScreen.storyboard in Resources */ = {isa = PBXBuildFile; fileRef = 294C91722A0CCFCF00103018 /* LaunchScreen.storyboard */; };
		294C91772A0CCFCF00103018 /* main.m in Sources */ = {isa = PBXBuildFile; fileRef = 294C91762A0CCFCF00103018 /* main.m */; };
		294C91EC2A0CE1E600103018 /* LibPhoneUSB.framework in Frameworks */ = {isa = PBXBuildFile; fileRef = 294C91EB2A0CE1E600103018 /* LibPhoneUSB.framework */; };
		294C91EF2A0CE28100103018 /* libc++.1.tbd in Frameworks */ = {isa = PBXBuildFile; fileRef = 294C91EE2A0CE28100103018 /* libc++.1.tbd */; };
/* End PBXBuildFile section */

/* Begin PBXFileReference section */
		294C91612A0CCFC800103018 /* scsi-ios.app */ = {isa = PBXFileReference; explicitFileType = wrapper.application; includeInIndex = 0; path = "scsi-ios.app"; sourceTree = BUILT_PRODUCTS_DIR; };
		294C91642A0CCFC800103018 /* AppDelegate.h */ = {isa = PBXFileReference; lastKnownFileType = sourcecode.c.h; path = AppDelegate.h; sourceTree = "<group>"; };
		294C91652A0CCFC800103018 /* AppDelegate.m */ = {isa = PBXFileReference; lastKnownFileType = sourcecode.c.objc; path = AppDelegate.m; sourceTree = "<group>"; };
		294C91672A0CCFC800103018 /* SceneDelegate.h */ = {isa = PBXFileReference; lastKnownFileType = sourcecode.c.h; path = SceneDelegate.h; sourceTree = "<group>"; };
		294C91682A0CCFC800103018 /* SceneDelegate.m */ = {isa = PBXFileReference; lastKnownFileType = sourcecode.c.objc; path = SceneDelegate.m; sourceTree = "<group>"; };
		294C916A2A0CCFC800103018 /* ViewController.h */ = {isa = PBXFileReference; lastKnownFileType = sourcecode.c.h; path = ViewController.h; sourceTree = "<group>"; };
		294C916B2A0CCFC800103018 /* ViewController.m */ = {isa = PBXFileReference; lastKnownFileType = sourcecode.c.objc; path = ViewController.m; sourceTree = "<group>"; };
		294C916E2A0CCFC800103018 /* Base */ = {isa = PBXFileReference; lastKnownFileType = file.storyboard; name = Base; path = Base.lproj/Main.storyboard; sourceTree = "<group>"; };
		294C91702A0CCFCF00103018 /* Assets.xcassets */ = {isa = PBXFileReference; lastKnownFileType = folder.assetcatalog; path = Assets.xcassets; sourceTree = "<group>"; };
		294C91732A0CCFCF00103018 /* Base */ = {isa = PBXFileReference; lastKnownFileType = file.storyboard; name = Base; path = Base.lproj/LaunchScreen.storyboard; sourceTree = "<group>"; };
		294C91752A0CCFCF00103018 /* Info.plist */ = {isa = PBXFileReference; lastKnownFileType = text.plist.xml; path = Info.plist; sourceTree = "<group>"; };
		294C91762A0CCFCF00103018 /* main.m */ = {isa = PBXFileReference; lastKnownFileType = sourcecode.c.objc; path = main.m; sourceTree = "<group>"; };
		294C91EB2A0CE1E600103018 /* LibPhoneUSB.framework */ = {isa = PBXFileReference; lastKnownFileType = wrapper.framework; path = LibPhoneUSB.framework; sourceTree = "<group>"; };
		294C91EE2A0CE28100103018 /* libc++.1.tbd */ = {isa = PBXFileReference; lastKnownFileType = "sourcecode.text-based-dylib-definition"; name = "libc++.1.tbd"; path = "usr/lib/libc++.1.tbd"; sourceTree = SDKROOT; };
/* End PBXFileReference section */

/* Begin PBXFrameworksBuildPhase section */
		294C915E2A0CCFC800103018 /* Frameworks */ = {
			isa = PBXFrameworksBuildPhase;
			buildActionMask = 2147483647;
			files = (
				294C91EF2A0CE28100103018 /* libc++.1.tbd in Frameworks */,
				294C91EC2A0CE1E600103018 /* LibPhoneUSB.framework in Frameworks */,
			);
			runOnlyForDeploymentPostprocessing = 0;
		};
/* End PBXFrameworksBuildPhase section */

/* Begin PBXGroup section */
		294C91582A0CCFC700103018 = {
			isa = PBXGroup;
			children = (
				294C91632A0CCFC800103018 /* scsi-ios */,
				294C91622A0CCFC800103018 /* Products */,
				294C91ED2A0CE28100103018 /* Frameworks */,
			);
			sourceTree = "<group>";
		};
		294C91622A0CCFC800103018 /* Products */ = {
			isa = PBXGroup;
			children = (
				294C91612A0CCFC800103018 /* scsi-ios.app */,
			);
			name = Products;
			sourceTree = "<group>";
		};
		294C91632A0CCFC800103018 /* scsi-ios */ = {
			isa = PBXGroup;
			children = (
				294C91E62A0CD8C000103018 /* lib */,
				294C91642A0CCFC800103018 /* AppDelegate.h */,
				294C91652A0CCFC800103018 /* AppDelegate.m */,
				294C91672A0CCFC800103018 /* SceneDelegate.h */,
				294C91682A0CCFC800103018 /* SceneDelegate.m */,
				294C916A2A0CCFC800103018 /* ViewController.h */,
				294C916B2A0CCFC800103018 /* ViewController.m */,
				294C916D2A0CCFC800103018 /* Main.storyboard */,
				294C91702A0CCFCF00103018 /* Assets.xcassets */,
				294C91722A0CCFCF00103018 /* LaunchScreen.storyboard */,
				294C91752A0CCFCF00103018 /* Info.plist */,
				294C91762A0CCFCF00103018 /* main.m */,
			);
			path = "scsi-ios";
			sourceTree = "<group>";
		};
		294C91E62A0CD8C000103018 /* lib */ = {
			isa = PBXGroup;
			children = (
				294C91EB2A0CE1E600103018 /* LibPhoneUSB.framework */,
			);
			path = lib;
			sourceTree = "<group>";
		};
		294C91ED2A0CE28100103018 /* Frameworks */ = {
			isa = PBXGroup;
			children = (
				294C91EE2A0CE28100103018 /* libc++.1.tbd */,
			);
			name = Frameworks;
			sourceTree = "<group>";
		};
/* End PBXGroup section */

/* Begin PBXNativeTarget section */
		294C91602A0CCFC800103018 /* scsi-ios */ = {
			isa = PBXNativeTarget;
			buildConfigurationList = 294C917A2A0CCFCF00103018 /* Build configuration list for PBXNativeTarget "scsi-ios" */;
			buildPhases = (
				294C915D2A0CCFC800103018 /* Sources */,
				294C915E2A0CCFC800103018 /* Frameworks */,
				294C915F2A0CCFC800103018 /* Resources */,
			);
			buildRules = (
			);
			dependencies = (
			);
			name = "scsi-ios";
			productName = "scsi-ios";
			productReference = 294C91612A0CCFC800103018 /* scsi-ios.app */;
			productType = "com.apple.product-type.application";
		};
/* End PBXNativeTarget section */

/* Begin PBXProject section */
		294C91592A0CCFC700103018 /* Project object */ = {
			isa = PBXProject;
			attributes = {
				BuildIndependentTargetsInParallel = 1;
				LastUpgradeCheck = 1410;
				TargetAttributes = {
					294C91602A0CCFC800103018 = {
						CreatedOnToolsVersion = 14.1;
					};
				};
			};
			buildConfigurationList = 294C915C2A0CCFC700103018 /* Build configuration list for PBXProject "scsi-ios" */;
			compatibilityVersion = "Xcode 14.0";
			developmentRegion = en;
			hasScannedForEncodings = 0;
			knownRegions = (
				en,
				Base,
			);
			mainGroup = 294C91582A0CCFC700103018;
			productRefGroup = 294C91622A0CCFC800103018 /* Products */;
			projectDirPath = "";
			projectRoot = "";
			targets = (
				294C91602A0CCFC800103018 /* scsi-ios */,
			);
		};
/* End PBXProject section */

/* Begin PBXResourcesBuildPhase section */
		294C915F2A0CCFC800103018 /* Resources */ = {
			isa = PBXResourcesBuildPhase;
			buildActionMask = 2147483647;
			files = (
				294C91742A0CCFCF00103018 /* LaunchScreen.storyboard in Resources */,
				294C91712A0CCFCF00103018 /* Assets.xcassets in Resources */,
				294C916F2A0CCFC800103018 /* Main.storyboard in Resources */,
			);
			runOnlyForDeploymentPostprocessing = 0;
		};
/* End PBXResourcesBuildPhase section */

/* Begin PBXSourcesBuildPhase section */
		294C915D2A0CCFC800103018 /* Sources */ = {
			isa = PBXSourcesBuildPhase;
			buildActionMask = 2147483647;
			files = (
				294C916C2A0CCFC800103018 /* ViewController.m in Sources */,
				294C91662A0CCFC800103018 /* AppDelegate.m in Sources */,
				294C91772A0CCFCF00103018 /* main.m in Sources */,
				294C91692A0CCFC800103018 /* SceneDelegate.m in Sources */,
			);
			runOnlyForDeploymentPostprocessing = 0;
		};
/* End PBXSourcesBuildPhase section */

/* Begin PBXVariantGroup section */
		294C916D2A0CCFC800103018 /* Main.storyboard */ = {
			isa = PBXVariantGroup;
			children = (
				294C916E2A0CCFC800103018 /* Base */,
			);
			name = Main.storyboard;
			sourceTree = "<group>";
		};
		294C91722A0CCFCF00103018 /* LaunchScreen.storyboard */ = {
			isa = PBXVariantGroup;
			children = (
				294C91732A0CCFCF00103018 /* Base */,
			);
			name = LaunchScreen.storyboard;
			sourceTree = "<group>";
		};
/* End PBXVariantGroup section */

/* Begin XCBuildConfiguration section */
		294C91782A0CCFCF00103018 /* Debug */ = {
			isa = XCBuildConfiguration;
			buildSettings = {
				ALWAYS_SEARCH_USER_PATHS = NO;
				CLANG_ANALYZER_NONNULL = YES;
				CLANG_ANALYZER_NUMBER_OBJECT_CONVERSION = YES_AGGRESSIVE;
				CLANG_CXX_LANGUAGE_STANDARD = "gnu++20";
				CLANG_ENABLE_MODULES = YES;
				CLANG_ENABLE_OBJC_ARC = YES;
				CLANG_ENABLE_OBJC_WEAK = YES;
				CLANG_WARN_BLOCK_CAPTURE_AUTORELEASING = YES;
				CLANG_WARN_BOOL_CONVERSION = YES;
				CLANG_WARN_COMMA = YES;
				CLANG_WARN_CONSTANT_CONVERSION = YES;
				CLANG_WARN_DEPRECATED_OBJC_IMPLEMENTATIONS = YES;
				CLANG_WARN_DIRECT_OBJC_ISA_USAGE = YES_ERROR;
				CLANG_WARN_DOCUMENTATION_COMMENTS = YES;
				CLANG_WARN_EMPTY_BODY = YES;
				CLANG_WARN_ENUM_CONVERSION = YES;
				CLANG_WARN_INFINITE_RECURSION = YES;
				CLANG_WARN_INT_CONVERSION = YES;
				CLANG_WARN_NON_LITERAL_NULL_CONVERSION = YES;
				CLANG_WARN_OBJC_IMPLICIT_RETAIN_SELF = YES;
				CLANG_WARN_OBJC_LITERAL_CONVERSION = YES;
				CLANG_WARN_OBJC_ROOT_CLASS = YES_ERROR;
				CLANG_WARN_QUOTED_INCLUDE_IN_FRAMEWORK_HEADER = YES;
				CLANG_WARN_RANGE_LOOP_ANALYSIS = YES;
				CLANG_WARN_STRICT_PROTOTYPES = YES;
				CLANG_WARN_SUSPICIOUS_MOVE = YES;
				CLANG_WARN_UNGUARDED_AVAILABILITY = YES_AGGRESSIVE;
				CLANG_WARN_UNREACHABLE_CODE = YES;
				CLANG_WARN__DUPLICATE_METHOD_MATCH = YES;
				COPY_PHASE_STRIP = NO;
				DEBUG_INFORMATION_FORMAT = dwarf;
				ENABLE_STRICT_OBJC_MSGSEND = YES;
				ENABLE_TESTABILITY = YES;
				GCC_C_LANGUAGE_STANDARD = gnu11;
				GCC_DYNAMIC_NO_PIC = NO;
				GCC_NO_COMMON_BLOCKS = YES;
				GCC_OPTIMIZATION_LEVEL = 0;
				GCC_PREPROCESSOR_DEFINITIONS = (
					"DEBUG=1",
					"$(inherited)",
				);
				GCC_WARN_64_TO_32_BIT_CONVERSION = YES;
				GCC_WARN_ABOUT_RETURN_TYPE = YES_ERROR;
				GCC_WARN_UNDECLARED_SELECTOR = YES;
				GCC_WARN_UNINITIALIZED_AUTOS = YES_AGGRESSIVE;
				GCC_WARN_UNUSED_FUNCTION = YES;
				GCC_WARN_UNUSED_VARIABLE = YES;
				IPHONEOS_DEPLOYMENT_TARGET = 11.0;
				MTL_ENABLE_DEBUG_INFO = INCLUDE_SOURCE;
				MTL_FAST_MATH = YES;
				ONLY_ACTIVE_ARCH = YES;
				SDKROOT = iphoneos;
			};
			name = Debug;
		};
		294C91792A0CCFCF00103018 /* Release */ = {
			isa = XCBuildConfiguration;
			buildSettings = {
				ALWAYS_SEARCH_USER_PATHS = NO;
				CLANG_ANALYZER_NONNULL = YES;
				CLANG_ANALYZER_NUMBER_OBJECT_CONVERSION = YES_AGGRESSIVE;
				CLANG_CXX_LANGUAGE_STANDARD = "gnu++20";
				CLANG_ENABLE_MODULES = YES;
				CLANG_ENABLE_OBJC_ARC = YES;
				CLANG_ENABLE_OBJC_WEAK = YES;
				CLANG_WARN_BLOCK_CAPTURE_AUTORELEASING = YES;
				CLANG_WARN_BOOL_CONVERSION = YES;
				CLANG_WARN_COMMA = YES;
				CLANG_WARN_CONSTANT_CONVERSION = YES;
				CLANG_WARN_DEPRECATED_OBJC_IMPLEMENTATIONS = YES;
				CLANG_WARN_DIRECT_OBJC_ISA_USAGE = YES_ERROR;
				CLANG_WARN_DOCUMENTATION_COMMENTS = YES;
				CLANG_WARN_EMPTY_BODY = YES;
				CLANG_WARN_ENUM_CONVERSION = YES;
				CLANG_WARN_INFINITE_RECURSION = YES;
				CLANG_WARN_INT_CONVERSION = YES;
				CLANG_WARN_NON_LITERAL_NULL_CONVERSION = YES;
				CLANG_WARN_OBJC_IMPLICIT_RETAIN_SELF = YES;
				CLANG_WARN_OBJC_LITERAL_CONVERSION = YES;
				CLANG_WARN_OBJC_ROOT_CLASS = YES_ERROR;
				CLANG_WARN_QUOTED_INCLUDE_IN_FRAMEWORK_HEADER = YES;
				CLANG_WARN_RANGE_LOOP_ANALYSIS = YES;
				CLANG_WARN_STRICT_PROTOTYPES = YES;
				CLANG_WARN_SUSPICIOUS_MOVE = YES;
				CLANG_WARN_UNGUARDED_AVAILABILITY = YES_AGGRESSIVE;
				CLANG_WARN_UNREACHABLE_CODE = YES;
				CLANG_WARN__DUPLICATE_METHOD_MATCH = YES;
				COPY_PHASE_STRIP = NO;
				DEBUG_INFORMATION_FORMAT = "dwarf-with-dsym";
				ENABLE_NS_ASSERTIONS = NO;
				ENABLE_STRICT_OBJC_MSGSEND = YES;
				GCC_C_LANGUAGE_STANDARD = gnu11;
				GCC_NO_COMMON_BLOCKS = YES;
				GCC_WARN_64_TO_32_BIT_CONVERSION = YES;
				GCC_WARN_ABOUT_RETURN_TYPE = YES_ERROR;
				GCC_WARN_UNDECLARED_SELECTOR = YES;
				GCC_WARN_UNINITIALIZED_AUTOS = YES_AGGRESSIVE;
				GCC_WARN_UNUSED_FUNCTION = YES;
				GCC_WARN_UNUSED_VARIABLE = YES;
				IPHONEOS_DEPLOYMENT_TARGET = 11.0;
				MTL_ENABLE_DEBUG_INFO = NO;
				MTL_FAST_MATH = YES;
				SDKROOT = iphoneos;
				VALIDATE_PRODUCT = YES;
			};
			name = Release;
		};
		294C917B2A0CCFCF00103018 /* Debug */ = {
			isa = XCBuildConfiguration;
			buildSettings = {
				ASSETCATALOG_COMPILER_APPICON_NAME = AppIcon;
				ASSETCATALOG_COMPILER_GLOBAL_ACCENT_COLOR_NAME = AccentColor;
				CODE_SIGN_STYLE = Automatic;
				CURRENT_PROJECT_VERSION = 1;
				DEVELOPMENT_TEAM = W8ZHM9C4HZ;
				FRAMEWORK_SEARCH_PATHS = (
					"$(inherited)",
					"$(PROJECT_DIR)/scsi-ios/lib",
				);
				GENERATE_INFOPLIST_FILE = YES;
				INFOPLIST_FILE = "scsi-ios/Info.plist";
				INFOPLIST_KEY_UIApplicationSupportsIndirectInputEvents = YES;
				INFOPLIST_KEY_UILaunchStoryboardName = LaunchScreen;
				INFOPLIST_KEY_UIMainStoryboardFile = Main;
				INFOPLIST_KEY_UISupportedInterfaceOrientations_iPad = "UIInterfaceOrientationPortrait UIInterfaceOrientationPortraitUpsideDown UIInterfaceOrientationLandscapeLeft UIInterfaceOrientationLandscapeRight";
				INFOPLIST_KEY_UISupportedInterfaceOrientations_iPhone = "UIInterfaceOrientationPortrait UIInterfaceOrientationLandscapeLeft UIInterfaceOrientationLandscapeRight";
				LD_RUNPATH_SEARCH_PATHS = (
					"$(inherited)",
					"@executable_path/Frameworks",
				);
				MARKETING_VERSION = 1.0;
				PRODUCT_BUNDLE_IDENTIFIER = "com.test.scsi-ios";
				PRODUCT_NAME = "$(TARGET_NAME)";
				SWIFT_EMIT_LOC_STRINGS = YES;
				TARGETED_DEVICE_FAMILY = "1,2";
			};
			name = Debug;
		};
		294C917C2A0CCFCF00103018 /* Release */ = {
			isa = XCBuildConfiguration;
			buildSettings = {
				ASSETCATALOG_COMPILER_APPICON_NAME = AppIcon;
				ASSETCATALOG_COMPILER_GLOBAL_ACCENT_COLOR_NAME = AccentColor;
				CODE_SIGN_STYLE = Automatic;
				CURRENT_PROJECT_VERSION = 1;
				DEVELOPMENT_TEAM = W8ZHM9C4HZ;
				FRAMEWORK_SEARCH_PATHS = (
					"$(inherited)",
					"$(PROJECT_DIR)/scsi-ios/lib",
				);
				GENERATE_INFOPLIST_FILE = YES;
				INFOPLIST_FILE = "scsi-ios/Info.plist";
				INFOPLIST_KEY_UIApplicationSupportsIndirectInputEvents = YES;
				INFOPLIST_KEY_UILaunchStoryboardName = LaunchScreen;
				INFOPLIST_KEY_UIMainStoryboardFile = Main;
				INFOPLIST_KEY_UISupportedInterfaceOrientations_iPad = "UIInterfaceOrientationPortrait UIInterfaceOrientationPortraitUpsideDown UIInterfaceOrientationLandscapeLeft UIInterfaceOrientationLandscapeRight";
				INFOPLIST_KEY_UISupportedInterfaceOrientations_iPhone = "UIInterfaceOrientationPortrait UIInterfaceOrientationLandscapeLeft UIInterfaceOrientationLandscapeRight";
				LD_RUNPATH_SEARCH_PATHS = (
					"$(inherited)",
					"@executable_path/Frameworks",
				);
				MARKETING_VERSION = 1.0;
				PRODUCT_BUNDLE_IDENTIFIER = "com.test.scsi-ios";
				PRODUCT_NAME = "$(TARGET_NAME)";
				SWIFT_EMIT_LOC_STRINGS = YES;
				TARGETED_DEVICE_FAMILY = "1,2";
			};
			name = Release;
		};
/* End XCBuildConfiguration section */

/* Begin XCConfigurationList section */
		294C915C2A0CCFC700103018 /* Build configuration list for PBXProject "scsi-ios" */ = {
			isa = XCConfigurationList;
			buildConfigurations = (
				294C91782A0CCFCF00103018 /* Debug */,
				294C91792A0CCFCF00103018 /* Release */,
			);
			defaultConfigurationIsVisible = 0;
			defaultConfigurationName = Release;
		};
		294C917A2A0CCFCF00103018 /* Build configuration list for PBXNativeTarget "scsi-ios" */ = {
			isa = XCConfigurationList;
			buildConfigurations = (
				294C917B2A0CCFCF00103018 /* Debug */,
				294C917C2A0CCFCF00103018 /* Release */,
			);
			defaultConfigurationIsVisible = 0;
			defaultConfigurationName = Release;
		};
/* End XCConfigurationList section */
	};
	rootObject = 294C91592A0CCFC700103018 /* Project object */;
}
